
Microsoft Visual Studio Solution File, Format Version 12.00
# Visual Studio Version 17
VisualStudioVersion = 17.5.33530.505
MinimumVisualStudioVersion = 10.0.40219.1
Project("{FAE04EC0-301F-11D3-BF4B-00C04F79EFBC}") = "TurkeyDB", "TurkeyDB.csproj", "{E905CB92-826D-487A-9DE4-367CF16B25D9}"
EndProject
Global
	GlobalSection(SolutionConfigurationPlatforms) = preSolution
		Debug|Any CPU = Debug|Any CPU
		Release|Any CPU = Release|Any CPU
	EndGlobalSection
	GlobalSection(ProjectConfigurationPlatforms) = postSolution
		{E905CB92-826D-487A-9DE4-367CF16B25D9}.Debug|Any CPU.ActiveCfg = Debug|Any CPU
		{E905CB92-826D-487A-9DE4-367CF16B25D9}.Debug|Any CPU.Build.0 = Debug|Any CPU
		{E905CB92-826D-487A-9DE4-367CF16B25D9}.Release|Any CPU.ActiveCfg = Release|Any CPU
		{E905CB92-826D-487A-9DE4-367CF16B25D9}.Release|Any CPU.Build.0 = Release|Any CPU
	EndGlobalSection
	GlobalSection(SolutionProperties) = preSolution
		HideSolutionNode = FALSE
	EndGlobalSection
	GlobalSection(ExtensibilityGlobals) = postSolution
		SolutionGuid = {A4770282-72F0-490A-B3DD-9D5C846D3484}
	EndGlobalSection
EndGlobal
